GEM
  remote: https://rubygems.org/
  specs:
    bubbles (0.1.1)
      bubbletea
      harmonica
      lipgloss
    bubbletea (0.1.4)
      lipgloss (~> 0.1)
    bubbletea (0.1.4-aarch64-linux-gnu)
      lipgloss (~> 0.1)
    bubbletea (0.1.4-aarch64-linux-musl)
      lipgloss (~> 0.1)
    bubbletea (0.1.4-arm-linux-gnu)
      lipgloss (~> 0.1)
    bubbletea (0.1.4-arm-linux-musl)
      lipgloss (~> 0.1)
    bubbletea (0.1.4-arm64-darwin)
      lipgloss (~> 0.1)
    bubbletea (0.1.4-x86-linux-gnu)
      lipgloss (~> 0.1)
    bubbletea (0.1.4-x86-linux-musl)
      lipgloss (~> 0.1)
    bubbletea (0.1.4-x86_64-darwin)
      lipgloss (~> 0.1)
    bubbletea (0.1.4-x86_64-linux-gnu)
      lipgloss (~> 0.1)
    bubbletea (0.1.4-x86_64-linux-musl)
      lipgloss (~> 0.1)
    harmonica (0.1.1)
    lipgloss (0.2.2)
    lipgloss (0.2.2-aarch64-linux-gnu)
    lipgloss (0.2.2-aarch64-linux-musl)
    lipgloss (0.2.2-arm-linux-gnu)
    lipgloss (0.2.2-arm-linux-musl)
    lipgloss (0.2.2-arm64-darwin)
    lipgloss (0.2.2-x86-linux-gnu)
    lipgloss (0.2.2-x86-linux-musl)
    lipgloss (0.2.2-x86_64-darwin)
    lipgloss (0.2.2-x86_64-linux-gnu)
    lipgloss (0.2.2-x86_64-linux-musl)
    ntcharts (0.1.2)
    ntcharts (0.1.2-aarch64-linux-gnu)
    ntcharts (0.1.2-aarch64-linux-musl)
    ntcharts (0.1.2-arm-linux-gnu)
    ntcharts (0.1.2-arm-linux-musl)
    ntcharts (0.1.2-arm64-darwin)
    ntcharts (0.1.2-x86-linux-gnu)
    ntcharts (0.1.2-x86-linux-musl)
    ntcharts (0.1.2-x86_64-darwin)
    ntcharts (0.1.2-x86_64-linux-gnu)
    ntcharts (0.1.2-x86_64-linux-musl)

PLATFORMS
  aarch64-linux-gnu
  aarch64-linux-musl
  arm-linux-gnu
  arm-linux-musl
  arm64-darwin
  ruby
  x86-linux-gnu
  x86-linux-musl
  x86_64-darwin
  x86_64-linux-gnu
  x86_64-linux-musl

DEPENDENCIES
  bubbles (~> 0.1.1)
  bubbletea (~> 0.1.4)
  lipgloss (~> 0.2.2)
  ntcharts (~> 0.1.2)

CHECKSUMS
  bubbles (0.1.1) sha256=ac16a9adef1cd4d51d7246ea6cda1a745a56321cc21a49e150e7446d62797d05
  bubbletea (0.1.4) sha256=33c3ea5eb7ab03160b942a9a8062ba04d0af2245a0b6b7457853ac4bd3218f69
  bubbletea (0.1.4-aarch64-linux-gnu) sha256=9a1200916572dd5518da5d6a66bb136274fa577ecaa67c59dbecd34b872b48fc
  bubbletea (0.1.4-aarch64-linux-musl) sha256=9e9e1ea40a6e57b4280a7e1e02673831a8f54b8a38f730dcb6597ce35272e176
  bubbletea (0.1.4-arm-linux-gnu) sha256=6dc9601376848dfe2337685cefc3fc9420d2d7f44c04e74079766006f0dfae6b
  bubbletea (0.1.4-arm-linux-musl) sha256=954a4ac9a27faa48077394b6c040115106044dbb1d6231089983d83bff306cae
  bubbletea (0.1.4-arm64-darwin) sha256=112af8ba51b38c4281b648ce43375e9bbe7b666dbb30c8b8d1cd13b4e163e6cb
  bubbletea (0.1.4-x86-linux-gnu) sha256=91b85eac6806eea2cb4bc774be6ec6f0a666d9009f2b03fd948613a4b915f388
  bubbletea (0.1.4-x86-linux-musl) sha256=0a79f92bb7ac9cf6ad08bc4399cff6c14d63e01ccf9eb2e0de7b5c7e4a51e774
  bubbletea (0.1.4-x86_64-darwin) sha256=8b73c14e4a9a8cb14735edf18c71bf568dee2b4340b0f8f572480665cff3d817
  bubbletea (0.1.4-x86_64-linux-gnu) sha256=c1a06df5828c3af8ed664bf08591eba4bcb16aa44c58f8d21f7e2a01c2dea885
  bubbletea (0.1.4-x86_64-linux-musl) sha256=b8972ffc21590b83442c1b88d83539c412dea964866560ab1dd263c531fac989
  harmonica (0.1.1) sha256=587da9bc55ffb6387c0ffb9243bb3b03d57d1ebaf29a17282d3912a3443f397a
  lipgloss (0.2.2) sha256=d803bef2ce53aa7b113d032a4e1f8d3f6fb1841532b379c0b2bfff23a3af85e9
  lipgloss (0.2.2-aarch64-linux-gnu) sha256=cb2e5db7fc14d85ec919223b5d16ad6d7be0ced096fec60e9f6e253d1c8718cd
  lipgloss (0.2.2-aarch64-linux-musl) sha256=e9c445531db8aa85efceeab73f09530dc53ed8f5b61aa78ab7fe2d6afb179b30
  lipgloss (0.2.2-arm-linux-gnu) sha256=e3f7424f430dd746f6d00bb587192e54f3fdd90a7fac3447da42b23d432952e8
  lipgloss (0.2.2-arm-linux-musl) sha256=16f76a7a161d5b7ed083167619760ab658bfc4f2c0bd4eecd518e05ad11c3f46
  lipgloss (0.2.2-arm64-darwin) sha256=fed911706463ed21d249eace2224cd39323e94f4ab2a55ff6763b358b780d18f
  lipgloss (0.2.2-x86-linux-gnu) sha256=097344416c54f1290543d2320f3816663c44ccd92912df2ac0cdf15988658e08
  lipgloss (0.2.2-x86-linux-musl) sha256=50cca3b79d3164894c71070a3cfe6d9d6d6a38d02e8598269543201dd50b0f5a
  lipgloss (0.2.2-x86_64-darwin) sha256=6f5bab39a31f38995c5fb964ca0a1f84af0102814b4406f8ca96f30da54e112e
  lipgloss (0.2.2-x86_64-linux-gnu) sha256=99b26dfc4eaa2bf2dfd9823f0894a06ef0b8f7f773db70ae8905d1c5d9d663ad
  lipgloss (0.2.2-x86_64-linux-musl) sha256=a05ebd4d16a441bbe657fafb269d0f9e6d89a1124b3288264efedc427b007703
  ntcharts (0.1.2) sha256=0ca848f92a9958445b9cb79751130ca6c9e2924d8e2c1249f0fe71ba006d091b
  ntcharts (0.1.2-aarch64-linux-gnu) sha256=3e159c0b868b72ac62625d5bafe9a899dc01fb1ac51fbf616818116e9c5c2b9e
  ntcharts (0.1.2-aarch64-linux-musl) sha256=4281c9b303a1193d1146f53970b958e29cd6fffc74616a59d0671d62e2f41f2f
  ntcharts (0.1.2-arm-linux-gnu) sha256=353dc9446ece2d150fa3b82a0b4ec19c4c0d03672094847d906247b8716106b7
  ntcharts (0.1.2-arm-linux-musl) sha256=1911b708a5fd274446ad295ee50f1ec9be1b66e24c863a7fc5bee7c56d0645d8
  ntcharts (0.1.2-arm64-darwin) sha256=6693765ed7adffacc80a37cb4ca0e6af8ffd62f78c34b3aa71aa13840b039c02
  ntcharts (0.1.2-x86-linux-gnu) sha256=a2c192070dab4e1b2aa41f79ed57d9d403d6d4454cf6731aa09f55513f879137
  ntcharts (0.1.2-x86-linux-musl) sha256=95af6f6c259cc04496a0d3e22c825531d45b63b522badeaf629a1e6ee87a5e09
  ntcharts (0.1.2-x86_64-darwin) sha256=d317892195c6d5a5706be0e1e0592c32a2889e671e2cea50e4f91e078546ba8a
  ntcharts (0.1.2-x86_64-linux-gnu) sha256=df3ebd0af8b40c62460a03fe3f6394f3c64c5f63c42a70a3271245b71407faf0
  ntcharts (0.1.2-x86_64-linux-musl) sha256=d822276047e2bc579981882afc582199d8071e66342162c6ed1197e38db3edaf

BUNDLED WITH
  4.0.3
